
Microsoft Visual Studio Solution File, Format Version 12.00
# Visual Studio Version 17
VisualStudioVersion = 17.8.34309.116
MinimumVisualStudioVersion = 10.0.40219.1
Project("{FAE04EC0-301F-11D3-BF4B-00C04F79EFBC}") = "Exercise 6.2", "Exercise 6.2\Exercise 6.2.csproj", "{15E3BC68-262F-43FF-9F28-7D6B2D4C1837}"
EndProject
Global
	GlobalSection(SolutionConfigurationPlatforms) = preSolution
		Debug|Any CPU = Debug|Any CPU
		Release|Any CPU = Release|Any CPU
	EndGlobalSection
	GlobalSection(ProjectConfigurationPlatforms) = postSolution
		{15E3BC68-262F-43FF-9F28-7D6B2D4C1837}.Debug|Any CPU.ActiveCfg = Debug|Any CPU
		{15E3BC68-262F-43FF-9F28-7D6B2D4C1837}.Debug|Any CPU.Build.0 = Debug|Any CPU
		{15E3BC68-262F-43FF-9F28-7D6B2D4C1837}.Release|Any CPU.ActiveCfg = Release|Any CPU
		{15E3BC68-262F-43FF-9F28-7D6B2D4C1837}.Release|Any CPU.Build.0 = Release|Any CPU
	EndGlobalSection
	GlobalSection(SolutionProperties) = preSolution
		HideSolutionNode = FALSE
	EndGlobalSection
	GlobalSection(ExtensibilityGlobals) = postSolution
		SolutionGuid = {5A7757E0-BE15-4B2A-B846-1D913C6CBEE6}
	EndGlobalSection
EndGlobal
